
Microsoft Visual Studio Solution File, Format Version 12.00
# Visual Studio 15
VisualStudioVersion = 15.0.26124.0
MinimumVisualStudioVersion = 15.0.26124.0
Project("{2150E333-8FDC-42A3-9474-1A3956D46DE8}") = "src", "src", "{ADE55427-E4FE-4874-AC5D-A8973F58762E}"
EndProject
Project("{FAE04EC0-301F-11D3-BF4B-00C04F79EFBC}") = "Dora.Repository.Abstract", "src\Dora.Repository.Abstract\Dora.Repository.Abstract.csproj", "{8A688D1F-F05F-4AAC-A951-75A9F6A9B8DA}"
EndProject
Project("{FAE04EC0-301F-11D3-BF4B-00C04F79EFBC}") = "Dora.Repository.EfCore", "src\Dora.Repository.EfCore\Dora.Repository.EfCore.csproj", "{DBA02246-071F-4325-9C40-9EA4357D2D24}"
EndProject
Project("{2150E333-8FDC-42A3-9474-1A3956D46DE8}") = "test", "test", "{EE15889F-388C-4EC2-BE6E-ABE52FA4A66F}"
EndProject
Project("{FAE04EC0-301F-11D3-BF4B-00C04F79EFBC}") = "Dora.Repository.xUnit", "test\Dora.Repository.xUnit\Dora.Repository.xUnit.csproj", "{871BCA12-1188-45E0-A00A-3E124B1FF293}"
EndProject
Project("{2150E333-8FDC-42A3-9474-1A3956D46DE8}") = "benchmark", "benchmark", "{4E8A256A-3D34-4192-B15F-E3C18F061A1C}"
EndProject
Project("{FAE04EC0-301F-11D3-BF4B-00C04F79EFBC}") = "Dora.Repository.Benchmark", "benchmark\Dora.Repository.Benchmark\Dora.Repository.Benchmark.csproj", "{0CC37AA6-138B-487F-8E01-1E304A983F07}"
EndProject
Global
	GlobalSection(SolutionConfigurationPlatforms) = preSolution
		Debug|Any CPU = Debug|Any CPU
		Debug|x64 = Debug|x64
		Debug|x86 = Debug|x86
		Release|Any CPU = Release|Any CPU
		Release|x64 = Release|x64
		Release|x86 = Release|x86
	EndGlobalSection
	GlobalSection(SolutionProperties) = preSolution
		HideSolutionNode = FALSE
	EndGlobalSection
	GlobalSection(ProjectConfigurationPlatforms) = postSolution
		{8A688D1F-F05F-4AAC-A951-75A9F6A9B8DA}.Debug|Any CPU.ActiveCfg = Debug|Any CPU
		{8A688D1F-F05F-4AAC-A951-75A9F6A9B8DA}.Debug|Any CPU.Build.0 = Debug|Any CPU
		{8A688D1F-F05F-4AAC-A951-75A9F6A9B8DA}.Debug|x64.ActiveCfg = Debug|Any CPU
		{8A688D1F-F05F-4AAC-A951-75A9F6A9B8DA}.Debug|x64.Build.0 = Debug|Any CPU
		{8A688D1F-F05F-4AAC-A951-75A9F6A9B8DA}.Debug|x86.ActiveCfg = Debug|Any CPU
		{8A688D1F-F05F-4AAC-A951-75A9F6A9B8DA}.Debug|x86.Build.0 = Debug|Any CPU
		{8A688D1F-F05F-4AAC-A951-75A9F6A9B8DA}.Release|Any CPU.ActiveCfg = Release|Any CPU
		{8A688D1F-F05F-4AAC-A951-75A9F6A9B8DA}.Release|Any CPU.Build.0 = Release|Any CPU
		{8A688D1F-F05F-4AAC-A951-75A9F6A9B8DA}.Release|x64.ActiveCfg = Release|Any CPU
		{8A688D1F-F05F-4AAC-A951-75A9F6A9B8DA}.Release|x64.Build.0 = Release|Any CPU
		{8A688D1F-F05F-4AAC-A951-75A9F6A9B8DA}.Release|x86.ActiveCfg = Release|Any CPU
		{8A688D1F-F05F-4AAC-A951-75A9F6A9B8DA}.Release|x86.Build.0 = Release|Any CPU
		{DBA02246-071F-4325-9C40-9EA4357D2D24}.Debug|Any CPU.ActiveCfg = Debug|Any CPU
		{DBA02246-071F-4325-9C40-9EA4357D2D24}.Debug|Any CPU.Build.0 = Debug|Any CPU
		{DBA02246-071F-4325-9C40-9EA4357D2D24}.Debug|x64.ActiveCfg = Debug|Any CPU
		{DBA02246-071F-4325-9C40-9EA4357D2D24}.Debug|x64.Build.0 = Debug|Any CPU
		{DBA02246-071F-4325-9C40-9EA4357D2D24}.Debug|x86.ActiveCfg = Debug|Any CPU
		{DBA02246-071F-4325-9C40-9EA4357D2D24}.Debug|x86.Build.0 = Debug|Any CPU
		{DBA02246-071F-4325-9C40-9EA4357D2D24}.Release|Any CPU.ActiveCfg = Release|Any CPU
		{DBA02246-071F-4325-9C40-9EA4357D2D24}.Release|Any CPU.Build.0 = Release|Any CPU
		{DBA02246-071F-4325-9C40-9EA4357D2D24}.Release|x64.ActiveCfg = Release|Any CPU
		{DBA02246-071F-4325-9C40-9EA4357D2D24}.Release|x64.Build.0 = Release|Any CPU
		{DBA02246-071F-4325-9C40-9EA4357D2D24}.Release|x86.ActiveCfg = Release|Any CPU
		{DBA02246-071F-4325-9C40-9EA4357D2D24}.Release|x86.Build.0 = Release|Any CPU
		{871BCA12-1188-45E0-A00A-3E124B1FF293}.Debug|Any CPU.ActiveCfg = Debug|Any CPU
		{871BCA12-1188-45E0-A00A-3E124B1FF293}.Debug|Any CPU.Build.0 = Debug|Any CPU
		{871BCA12-1188-45E0-A00A-3E124B1FF293}.Debug|x64.ActiveCfg = Debug|Any CPU
		{871BCA12-1188-45E0-A00A-3E124B1FF293}.Debug|x64.Build.0 = Debug|Any CPU
		{871BCA12-1188-45E0-A00A-3E124B1FF293}.Debug|x86.ActiveCfg = Debug|Any CPU
		{871BCA12-1188-45E0-A00A-3E124B1FF293}.Debug|x86.Build.0 = Debug|Any CPU
		{871BCA12-1188-45E0-A00A-3E124B1FF293}.Release|Any CPU.ActiveCfg = Release|Any CPU
		{871BCA12-1188-45E0-A00A-3E124B1FF293}.Release|Any CPU.Build.0 = Release|Any CPU
		{871BCA12-1188-45E0-A00A-3E124B1FF293}.Release|x64.ActiveCfg = Release|Any CPU
		{871BCA12-1188-45E0-A00A-3E124B1FF293}.Release|x64.Build.0 = Release|Any CPU
		{871BCA12-1188-45E0-A00A-3E124B1FF293}.Release|x86.ActiveCfg = Release|Any CPU
		{871BCA12-1188-45E0-A00A-3E124B1FF293}.Release|x86.Build.0 = Release|Any CPU
		{0CC37AA6-138B-487F-8E01-1E304A983F07}.Debug|Any CPU.ActiveCfg = Debug|Any CPU
		{0CC37AA6-138B-487F-8E01-1E304A983F07}.Debug|Any CPU.Build.0 = Debug|Any CPU
		{0CC37AA6-138B-487F-8E01-1E304A983F07}.Debug|x64.ActiveCfg = Debug|Any CPU
		{0CC37AA6-138B-487F-8E01-1E304A983F07}.Debug|x64.Build.0 = Debug|Any CPU
		{0CC37AA6-138B-487F-8E01-1E304A983F07}.Debug|x86.ActiveCfg = Debug|Any CPU
		{0CC37AA6-138B-487F-8E01-1E304A983F07}.Debug|x86.Build.0 = Debug|Any CPU
		{0CC37AA6-138B-487F-8E01-1E304A983F07}.Release|Any CPU.ActiveCfg = Release|Any CPU
		{0CC37AA6-138B-487F-8E01-1E304A983F07}.Release|Any CPU.Build.0 = Release|Any CPU
		{0CC37AA6-138B-487F-8E01-1E304A983F07}.Release|x64.ActiveCfg = Release|Any CPU
		{0CC37AA6-138B-487F-8E01-1E304A983F07}.Release|x64.Build.0 = Release|Any CPU
		{0CC37AA6-138B-487F-8E01-1E304A983F07}.Release|x86.ActiveCfg = Release|Any CPU
		{0CC37AA6-138B-487F-8E01-1E304A983F07}.Release|x86.Build.0 = Release|Any CPU
	EndGlobalSection
	GlobalSection(NestedProjects) = preSolution
		{8A688D1F-F05F-4AAC-A951-75A9F6A9B8DA} = {ADE55427-E4FE-4874-AC5D-A8973F58762E}
		{DBA02246-071F-4325-9C40-9EA4357D2D24} = {ADE55427-E4FE-4874-AC5D-A8973F58762E}
		{871BCA12-1188-45E0-A00A-3E124B1FF293} = {EE15889F-388C-4EC2-BE6E-ABE52FA4A66F}
		{0CC37AA6-138B-487F-8E01-1E304A983F07} = {4E8A256A-3D34-4192-B15F-E3C18F061A1C}
	EndGlobalSection
EndGlobal
